// !$*UTF8*$!
{
	archiveVersion = 1;
	classes = {
	};
	objectVersion = 46;
	objects = {

/* Begin PBXBuildFile section */
		3EC47CDFED54527E3D58D0E4 /* Pods_TumblrUITests.framework in Frameworks */ = {isa = PBXBuildFile; fileRef = 3B5DBC6F7663CBCF5627BE3B /* Pods_TumblrUITests.framework */; };
		477280901E43F38700CF64AE /* AppDelegate.swift in Sources */ = {isa = PBXBuildFile; fileRef = 4772808F1E43F38700CF64AE /* AppDelegate.swift */; };
		477280951E43F38700CF64AE /* Main.storyboard in Resources */ = {isa = PBXBuildFile; fileRef = 477280931E43F38700CF64AE /* Main.storyboard */; };
		477280971E43F38700CF64AE /* Assets.xcassets in Resources */ = {isa = PBXBuildFile; fileRef = 477280961E43F38700CF64AE /* Assets.xcassets */; };
		4772809A1E43F38700CF64AE /* LaunchScreen.storyboard in Resources */ = {isa = PBXBuildFile; fileRef = 477280981E43F38700CF64AE /* LaunchScreen.storyboard */; };
		477280A51E43F38700CF64AE /* TumblrTests.swift in Sources */ = {isa = PBXBuildFile; fileRef = 477280A41E43F38700CF64AE /* TumblrTests.swift */; };
		477280B01E43F38700CF64AE /* TumblrUITests.swift in Sources */ = {isa = PBXBuildFile; fileRef = 477280AF1E43F38700CF64AE /* TumblrUITests.swift */; };
		477280BE1E43F67600CF64AE /* PhotosViewController.swift in Sources */ = {isa = PBXBuildFile; fileRef = 477280BD1E43F67600CF64AE /* PhotosViewController.swift */; };
		477280C01E44011500CF64AE /* PhotoCell.swift in Sources */ = {isa = PBXBuildFile; fileRef = 477280BF1E44011500CF64AE /* PhotoCell.swift */; };
		477EB22C1E4D3B5000588601 /* PhotoDetailsViewController.swift in Sources */ = {isa = PBXBuildFile; fileRef = 477EB22B1E4D3B5000588601 /* PhotoDetailsViewController.swift */; };
		71DA048378F689BFDA268212 /* Pods_TumblrTests.framework in Frameworks */ = {isa = PBXBuildFile; fileRef = 3285BB3D962DE8796B13E6A8 /* Pods_TumblrTests.framework */; };
		E203CBD90C36BE1EBF815BAC /* Pods_Tumblr.framework in Frameworks */ = {isa = PBXBuildFile; fileRef = 0FDA7B5CC2C6A484D9BDFF8E /* Pods_Tumblr.framework */; };
/* End PBXBuildFile section */

/* Begin PBXContainerItemProxy section */
		477280A11E43F38700CF64AE /* PBXContainerItemProxy */ = {
			isa = PBXContainerItemProxy;
			containerPortal = 477280841E43F38600CF64AE /* Project object */;
			proxyType = 1;
			remoteGlobalIDString = 4772808B1E43F38600CF64AE;
			remoteInfo = Tumblr;
		};
		477280AC1E43F38700CF64AE /* PBXContainerItemProxy */ = {
			isa = PBXContainerItemProxy;
			containerPortal = 477280841E43F38600CF64AE /* Project object */;
			proxyType = 1;
			remoteGlobalIDString = 4772808B1E43F38600CF64AE;
			remoteInfo = Tumblr;
		};
/* End PBXContainerItemProxy section */

/* Begin PBXFileReference section */
		0FDA7B5CC2C6A484D9BDFF8E /* Pods_Tumblr.framework */ = {isa = PBXFileReference; explicitFileType = wrapper.framework; includeInIndex = 0; path = Pods_Tumblr.framework; sourceTree = BUILT_PRODUCTS_DIR; };
		1958AFE3B893D894A41812E6 /* Pods-TumblrUITests.debug.xcconfig */ = {isa = PBXFileReference; includeInIndex = 1; lastKnownFileType = text.xcconfig; name = "Pods-TumblrUITests.debug.xcconfig"; path = "Pods/Target Support Files/Pods-TumblrUITests/Pods-TumblrUITests.debug.xcconfig"; sourceTree = "<group>"; };
		1CA820A2028F3BFEA96EFE3D /* Pods-Tumblr.debug.xcconfig */ = {isa = PBXFileReference; includeInIndex = 1; lastKnownFileType = text.xcconfig; name = "Pods-Tumblr.debug.xcconfig"; path = "Pods/Target Support Files/Pods-Tumblr/Pods-Tumblr.debug.xcconfig"; sourceTree = "<group>"; };
		3285BB3D962DE8796B13E6A8 /* Pods_TumblrTests.framework */ = {isa = PBXFileReference; explicitFileType = wrapper.framework; includeInIndex = 0; path = Pods_TumblrTests.framework; sourceTree = BUILT_PRODUCTS_DIR; };
		3B5DBC6F7663CBCF5627BE3B /* Pods_TumblrUITests.framework */ = {isa = PBXFileReference; explicitFileType = wrapper.framework; includeInIndex = 0; path = Pods_TumblrUITests.framework; sourceTree = BUILT_PRODUCTS_DIR; };
		4772808C1E43F38700CF64AE /* Tumblr.app */ = {isa = PBXFileReference; explicitFileType = wrapper.application; includeInIndex = 0; path = Tumblr.app; sourceTree = BUILT_PRODUCTS_DIR; };
		4772808F1E43F38700CF64AE /* AppDelegate.swift */ = {isa = PBXFileReference; lastKnownFileType = sourcecode.swift; path = AppDelegate.swift; sourceTree = "<group>"; };
		477280941E43F38700CF64AE /* Base */ = {isa = PBXFileReference; lastKnownFileType = file.storyboard; name = Base; path = Base.lproj/Main.storyboard; sourceTree = "<group>"; };
		477280961E43F38700CF64AE /* Assets.xcassets */ = {isa = PBXFileReference; lastKnownFileType = folder.assetcatalog; path = Assets.xcassets; sourceTree = "<group>"; };
		477280991E43F38700CF64AE /* Base */ = {isa = PBXFileReference; lastKnownFileType = file.storyboard; name = Base; path = Base.lproj/LaunchScreen.storyboard; sourceTree = "<group>"; };
		4772809B1E43F38700CF64AE /* Info.plist */ = {isa = PBXFileReference; lastKnownFileType = text.plist.xml; path = Info.plist; sourceTree = "<group>"; };
		477280A01E43F38700CF64AE /* TumblrTests.xctest */ = {isa = PBXFileReference; explicitFileType = wrapper.cfbundle; includeInIndex = 0; path = TumblrTests.xctest; sourceTree = BUILT_PRODUCTS_DIR; };
		477280A41E43F38700CF64AE /* TumblrTests.swift */ = {isa = PBXFileReference; lastKnownFileType = sourcecode.swift; path = TumblrTests.swift; sourceTree = "<group>"; };
		477280A61E43F38700CF64AE /* Info.plist */ = {isa = PBXFileReference; lastKnownFileType = text.plist.xml; path = Info.plist; sourceTree = "<group>"; };
		477280AB1E43F38700CF64AE /* TumblrUITests.xctest */ = {isa = PBXFileReference; explicitFileType = wrapper.cfbundle; includeInIndex = 0; path = TumblrUITests.xctest; sourceTree = BUILT_PRODUCTS_DIR; };
		477280AF1E43F38700CF64AE /* TumblrUITests.swift */ = {isa = PBXFileReference; lastKnownFileType = sourcecode.swift; path = TumblrUITests.swift; sourceTree = "<group>"; };
		477280B11E43F38700CF64AE /* Info.plist */ = {isa = PBXFileReference; lastKnownFileType = text.plist.xml; path = Info.plist; sourceTree = "<group>"; };
		477280BD1E43F67600CF64AE /* PhotosViewController.swift */ = {isa = PBXFileReference; fileEncoding = 4; lastKnownFileType = sourcecode.swift; path = PhotosViewController.swift; sourceTree = "<group>"; };
		477280BF1E44011500CF64AE /* PhotoCell.swift */ = {isa = PBXFileReference; fileEncoding = 4; lastKnownFileType = sourcecode.swift; path = PhotoCell.swift; sourceTree = "<group>"; };
		477EB22B1E4D3B5000588601 /* PhotoDetailsViewController.swift */ = {isa = PBXFileReference; fileEncoding = 4; lastKnownFileType = sourcecode.swift; path = PhotoDetailsViewController.swift; sourceTree = "<group>"; };
		7FFABE512EBDE01751380FD6 /* Pods-Tumblr.release.xcconfig */ = {isa = PBXFileReference; includeInIndex = 1; lastKnownFileType = text.xcconfig; name = "Pods-Tumblr.release.xcconfig"; path = "Pods/Target Support Files/Pods-Tumblr/Pods-Tumblr.release.xcconfig"; sourceTree = "<group>"; };
		8F72B3C5E644D7DC0F2A0538 /* Pods-TumblrTests.debug.xcconfig */ = {isa = PBXFileReference; includeInIndex = 1; lastKnownFileType = text.xcconfig; name = "Pods-TumblrTests.debug.xcconfig"; path = "Pods/Target Support Files/Pods-TumblrTests/Pods-TumblrTests.debug.xcconfig"; sourceTree = "<group>"; };
		C7C7E865F49DCBE3A3D9A630 /* Pods-TumblrUITests.release.xcconfig */ = {isa = PBXFileReference; includeInIndex = 1; lastKnownFileType = text.xcconfig; name = "Pods-TumblrUITests.release.xcconfig"; path = "Pods/Target Support Files/Pods-TumblrUITests/Pods-TumblrUITests.release.xcconfig"; sourceTree = "<group>"; };
		ED56DDA436ECCDBFDEDACF67 /* Pods-TumblrTests.release.xcconfig */ = {isa = PBXFileReference; includeInIndex = 1; lastKnownFileType = text.xcconfig; name = "Pods-TumblrTests.release.xcconfig"; path = "Pods/Target Support Files/Pods-TumblrTests/Pods-TumblrTests.release.xcconfig"; sourceTree = "<group>"; };
/* End PBXFileReference section */

/* Begin PBXFrameworksBuildPhase section */
		477280891E43F38600CF64AE /* Frameworks */ = {
			isa = PBXFrameworksBuildPhase;
			buildActionMask = 2147483647;
			files = (
				E203CBD90C36BE1EBF815BAC /* Pods_Tumblr.framework in Frameworks */,
			);
			runOnlyForDeploymentPostprocessing = 0;
		};
		4772809D1E43F38700CF64AE /* Frameworks */ = {
			isa = PBXFrameworksBuildPhase;
			buildActionMask = 2147483647;
			files = (
				71DA048378F689BFDA268212 /* Pods_TumblrTests.framework in Frameworks */,
			);
			runOnlyForDeploymentPostprocessing = 0;
		};
		477280A81E43F38700CF64AE /* Frameworks */ = {
			isa = PBXFrameworksBuildPhase;
			buildActionMask = 2147483647;
			files = (
				3EC47CDFED54527E3D58D0E4 /* Pods_TumblrUITests.framework in Frameworks */,
			);
			runOnlyForDeploymentPostprocessing = 0;
		};
/* End PBXFrameworksBuildPhase section */

/* Begin PBXGroup section */
		477280831E43F38600CF64AE = {
			isa = PBXGroup;
			children = (
				4772808E1E43F38700CF64AE /* Tumblr */,
				477280A31E43F38700CF64AE /* TumblrTests */,
				477280AE1E43F38700CF64AE /* TumblrUITests */,
				4772808D1E43F38700CF64AE /* Products */,
				FBCFDBC7695C0A83836AFADE /* Pods */,
				AA7FBD6EA01325F3C6686587 /* Frameworks */,
			);
			sourceTree = "<group>";
		};
		4772808D1E43F38700CF64AE /* Products */ = {
			isa = PBXGroup;
			children = (
				4772808C1E43F38700CF64AE /* Tumblr.app */,
				477280A01E43F38700CF64AE /* TumblrTests.xctest */,
				477280AB1E43F38700CF64AE /* TumblrUITests.xctest */,
			);
			name = Products;
			sourceTree = "<group>";
		};
		4772808E1E43F38700CF64AE /* Tumblr */ = {
			isa = PBXGroup;
			children = (
				477280BD1E43F67600CF64AE /* PhotosViewController.swift */,
				4772808F1E43F38700CF64AE /* AppDelegate.swift */,
				477280931E43F38700CF64AE /* Main.storyboard */,
				477280961E43F38700CF64AE /* Assets.xcassets */,
				477280981E43F38700CF64AE /* LaunchScreen.storyboard */,
				4772809B1E43F38700CF64AE /* Info.plist */,
				477280BF1E44011500CF64AE /* PhotoCell.swift */,
				477EB22B1E4D3B5000588601 /* PhotoDetailsViewController.swift */,
			);
			path = Tumblr;
			sourceTree = "<group>";
		};
		477280A31E43F38700CF64AE /* TumblrTests */ = {
			isa = PBXGroup;
			children = (
				477280A41E43F38700CF64AE /* TumblrTests.swift */,
				477280A61E43F38700CF64AE /* Info.plist */,
			);
			path = TumblrTests;
			sourceTree = "<group>";
		};
		477280AE1E43F38700CF64AE /* TumblrUITests */ = {
			isa = PBXGroup;
			children = (
				477280AF1E43F38700CF64AE /* TumblrUITests.swift */,
				477280B11E43F38700CF64AE /* Info.plist */,
			);
			path = TumblrUITests;
			sourceTree = "<group>";
		};
		AA7FBD6EA01325F3C6686587 /* Frameworks */ = {
			isa = PBXGroup;
			children = (
				0FDA7B5CC2C6A484D9BDFF8E /* Pods_Tumblr.framework */,
				3285BB3D962DE8796B13E6A8 /* Pods_TumblrTests.framework */,
				3B5DBC6F7663CBCF5627BE3B /* Pods_TumblrUITests.framework */,
			);
			name = Frameworks;
			sourceTree = "<group>";
		};
		FBCFDBC7695C0A83836AFADE /* Pods */ = {
			isa = PBXGroup;
			children = (
				1CA820A2028F3BFEA96EFE3D /* Pods-Tumblr.debug.xcconfig */,
				7FFABE512EBDE01751380FD6 /* Pods-Tumblr.release.xcconfig */,
				8F72B3C5E644D7DC0F2A0538 /* Pods-TumblrTests.debug.xcconfig */,
				ED56DDA436ECCDBFDEDACF67 /* Pods-TumblrTests.release.xcconfig */,
				1958AFE3B893D894A41812E6 /* Pods-TumblrUITests.debug.xcconfig */,
				C7C7E865F49DCBE3A3D9A630 /* Pods-TumblrUITests.release.xcconfig */,
			);
			name = Pods;
			sourceTree = "<group>";
		};
/* End PBXGroup section */

/* Begin PBXNativeTarget section */
		4772808B1E43F38600CF64AE /* Tumblr */ = {
			isa = PBXNativeTarget;
			buildConfigurationList = 477280B41E43F38700CF64AE /* Build configuration list for PBXNativeTarget "Tumblr" */;
			buildPhases = (
				43953F0E832C9BE479F78C2A /* [CP] Check Pods Manifest.lock */,
				477280881E43F38600CF64AE /* Sources */,
				477280891E43F38600CF64AE /* Frameworks */,
				4772808A1E43F38600CF64AE /* Resources */,
				D7261A9682765AC29C928C0D /* [CP] Embed Pods Frameworks */,
				7966FB2B015C2A5B84E85887 /* [CP] Copy Pods Resources */,
			);
			buildRules = (
			);
			dependencies = (
			);
			name = Tumblr;
			productName = Tumblr;
			productReference = 4772808C1E43F38700CF64AE /* Tumblr.app */;
			productType = "com.apple.product-type.application";
		};
		4772809F1E43F38700CF64AE /* TumblrTests */ = {
			isa = PBXNativeTarget;
			buildConfigurationList = 477280B71E43F38700CF64AE /* Build configuration list for PBXNativeTarget "TumblrTests" */;
			buildPhases = (
				3F00A1B3632C1FDCC6602EF2 /* [CP] Check Pods Manifest.lock */,
				4772809C1E43F38700CF64AE /* Sources */,
				4772809D1E43F38700CF64AE /* Frameworks */,
				4772809E1E43F38700CF64AE /* Resources */,
				F545B90C81D7F0D915F4D72A /* [CP] Embed Pods Frameworks */,
				00E2233B54FCC2C820CB2F01 /* [CP] Copy Pods Resources */,
			);
			buildRules = (
			);
			dependencies = (
				477280A21E43F38700CF64AE /* PBXTargetDependency */,
			);
			name = TumblrTests;
			productName = TumblrTests;
			productReference = 477280A01E43F38700CF64AE /* TumblrTests.xctest */;
			productType = "com.apple.product-type.bundle.unit-test";
		};
		477280AA1E43F38700CF64AE /* TumblrUITests */ = {
			isa = PBXNativeTarget;
			buildConfigurationList = 477280BA1E43F38700CF64AE /* Build configuration list for PBXNativeTarget "TumblrUITests" */;
			buildPhases = (
				8F626A6C8590DA481420B903 /* [CP] Check Pods Manifest.lock */,
				477280A71E43F38700CF64AE /* Sources */,
				477280A81E43F38700CF64AE /* Frameworks */,
				477280A91E43F38700CF64AE /* Resources */,
				873EAD2AF7EDD305715BCD27 /* [CP] Embed Pods Frameworks */,
				27A7CA0D7E9E43711D40CEC7 /* [CP] Copy Pods Resources */,
			);
			buildRules = (
			);
			dependencies = (
				477280AD1E43F38700CF64AE /* PBXTargetDependency */,
			);
			name = TumblrUITests;
			productName = TumblrUITests;
			productReference = 477280AB1E43F38700CF64AE /* TumblrUITests.xctest */;
			productType = "com.apple.product-type.bundle.ui-testing";
		};
/* End PBXNativeTarget section */

/* Begin PBXProject section */
		477280841E43F38600CF64AE /* Project object */ = {
			isa = PBXProject;
			attributes = {
				LastSwiftUpdateCheck = 0820;
				LastUpgradeCheck = 0820;
				ORGANIZATIONNAME = "Arnav Jain";
				TargetAttributes = {
					4772808B1E43F38600CF64AE = {
						CreatedOnToolsVersion = 8.2.1;
						DevelopmentTeam = TSCDBQM29F;
						ProvisioningStyle = Automatic;
					};
					4772809F1E43F38700CF64AE = {
						CreatedOnToolsVersion = 8.2.1;
						ProvisioningStyle = Automatic;
						TestTargetID = 4772808B1E43F38600CF64AE;
					};
					477280AA1E43F38700CF64AE = {
						CreatedOnToolsVersion = 8.2.1;
						ProvisioningStyle = Automatic;
						TestTargetID = 4772808B1E43F38600CF64AE;
					};
				};
			};
			buildConfigurationList = 477280871E43F38600CF64AE /* Build configuration list for PBXProject "Tumblr" */;
			compatibilityVersion = "Xcode 3.2";
			developmentRegion = English;
			hasScannedForEncodings = 0;
			knownRegions = (
				en,
				Base,
			);
			mainGroup = 477280831E43F38600CF64AE;
			productRefGroup = 4772808D1E43F38700CF64AE /* Products */;
			projectDirPath = "";
			projectRoot = "";
			targets = (
				4772808B1E43F38600CF64AE /* Tumblr */,
				4772809F1E43F38700CF64AE /* TumblrTests */,
				477280AA1E43F38700CF64AE /* TumblrUITests */,
			);
		};
/* End PBXProject section */

/* Begin PBXResourcesBuildPhase section */
		4772808A1E43F38600CF64AE /* Resources */ = {
			isa = PBXResourcesBuildPhase;
			buildActionMask = 2147483647;
			files = (
				4772809A1E43F38700CF64AE /* LaunchScreen.storyboard in Resources */,
				477280971E43F38700CF64AE /* Assets.xcassets in Resources */,
				477280951E43F38700CF64AE /* Main.storyboard in Resources */,
			);
			runOnlyForDeploymentPostprocessing = 0;
		};
		4772809E1E43F38700CF64AE /* Resources */ = {
			isa = PBXResourcesBuildPhase;
			buildActionMask = 2147483647;
			files = (
			);
			runOnlyForDeploymentPostprocessing = 0;
		};
		477280A91E43F38700CF64AE /* Resources */ = {
			isa = PBXResourcesBuildPhase;
			buildActionMask = 2147483647;
			files = (
			);
			runOnlyForDeploymentPostprocessing = 0;
		};
/* End PBXResourcesBuildPhase section */

/* Begin PBXShellScriptBuildPhase section */
		00E2233B54FCC2C820CB2F01 /* [CP] Copy Pods Resources */ = {
			isa = PBXShellScriptBuildPhase;
			buildActionMask = 2147483647;
			files = (
			);
			inputPaths = (
			);
			name = "[CP] Copy Pods Resources";
			outputPaths = (
			);
			runOnlyForDeploymentPostprocessing = 0;
			shellPath = /bin/sh;
			shellScript = "\"${SRCROOT}/Pods/Target Support Files/Pods-TumblrTests/Pods-TumblrTests-resources.sh\"\n";
			showEnvVarsInLog = 0;
		};
		27A7CA0D7E9E43711D40CEC7 /* [CP] Copy Pods Resources */ = {
			isa = PBXShellScriptBuildPhase;
			buildActionMask = 2147483647;
			files = (
			);
			inputPaths = (
			);
			name = "[CP] Copy Pods Resources";
			outputPaths = (
			);
			runOnlyForDeploymentPostprocessing = 0;
			shellPath = /bin/sh;
			shellScript = "\"${SRCROOT}/Pods/Target Support Files/Pods-TumblrUITests/Pods-TumblrUITests-resources.sh\"\n";
			showEnvVarsInLog = 0;
		};
		3F00A1B3632C1FDCC6602EF2 /* [CP] Check Pods Manifest.lock */ = {
			isa = PBXShellScriptBuildPhase;
			buildActionMask = 2147483647;
			files = (
			);
			inputPaths = (
			);
			name = "[CP] Check Pods Manifest.lock";
			outputPaths = (
			);
			runOnlyForDeploymentPostprocessing = 0;
			shellPath = /bin/sh;
			shellScript = "diff \"${PODS_ROOT}/../Podfile.lock\" \"${PODS_ROOT}/Manifest.lock\" > /dev/null\nif [ $? != 0 ] ; then\n    # print error to STDERR\n    echo \"error: The sandbox is not in sync with the Podfile.lock. Run 'pod install' or update your CocoaPods installation.\" >&2\n    exit 1\nfi\n";
			showEnvVarsInLog = 0;
		};
		43953F0E832C9BE479F78C2A /* [CP] Check Pods Manifest.lock */ = {
			isa = PBXShellScriptBuildPhase;
			buildActionMask = 2147483647;
			files = (
			);
			inputPaths = (
			);
			name = "[CP] Check Pods Manifest.lock";
			outputPaths = (
			);
			runOnlyForDeploymentPostprocessing = 0;
			shellPath = /bin/sh;
			shellScript = "diff \"${PODS_ROOT}/../Podfile.lock\" \"${PODS_ROOT}/Manifest.lock\" > /dev/null\nif [ $? != 0 ] ; then\n    # print error to STDERR\n    echo \"error: The sandbox is not in sync with the Podfile.lock. Run 'pod install' or update your CocoaPods installation.\" >&2\n    exit 1\nfi\n";
			showEnvVarsInLog = 0;
		};
		7966FB2B015C2A5B84E85887 /* [CP] Copy Pods Resources */ = {
			isa = PBXShellScriptBuildPhase;
			buildActionMask = 2147483647;
			files = (
			);
			inputPaths = (
			);
			name = "[CP] Copy Pods Resources";
			outputPaths = (
			);
			runOnlyForDeploymentPostprocessing = 0;
			shellPath = /bin/sh;
			shellScript = "\"${SRCROOT}/Pods/Target Support Files/Pods-Tumblr/Pods-Tumblr-resources.sh\"\n";
			showEnvVarsInLog = 0;
		};
		873EAD2AF7EDD305715BCD27 /* [CP] Embed Pods Frameworks */ = {
			isa = PBXShellScriptBuildPhase;
			buildActionMask = 2147483647;
			files = (
			);
			inputPaths = (
			);
			name = "[CP] Embed Pods Frameworks";
			outputPaths = (
			);
			runOnlyForDeploymentPostprocessing = 0;
			shellPath = /bin/sh;
			shellScript = "\"${SRCROOT}/Pods/Target Support Files/Pods-TumblrUITests/Pods-TumblrUITests-frameworks.sh\"\n";
			showEnvVarsInLog = 0;
		};
		8F626A6C8590DA481420B903 /* [CP] Check Pods Manifest.lock */ = {
			isa = PBXShellScriptBuildPhase;
			buildActionMask = 2147483647;
			files = (
			);
			inputPaths = (
			);
			name = "[CP] Check Pods Manifest.lock";
			outputPaths = (
			);
			runOnlyForDeploymentPostprocessing = 0;
			shellPath = /bin/sh;
			shellScript = "diff \"${PODS_ROOT}/../Podfile.lock\" \"${PODS_ROOT}/Manifest.lock\" > /dev/null\nif [ $? != 0 ] ; then\n    # print error to STDERR\n    echo \"error: The sandbox is not in sync with the Podfile.lock. Run 'pod install' or update your CocoaPods installation.\" >&2\n    exit 1\nfi\n";
			showEnvVarsInLog = 0;
		};
		D7261A9682765AC29C928C0D /* [CP] Embed Pods Frameworks */ = {
			isa = PBXShellScriptBuildPhase;
			buildActionMask = 2147483647;
			files = (
			);
			inputPaths = (
			);
			name = "[CP] Embed Pods Frameworks";
			outputPaths = (
			);
			runOnlyForDeploymentPostprocessing = 0;
			shellPath = /bin/sh;
			shellScript = "\"${SRCROOT}/Pods/Target Support Files/Pods-Tumblr/Pods-Tumblr-frameworks.sh\"\n";
			showEnvVarsInLog = 0;
		};
		F545B90C81D7F0D915F4D72A /* [CP] Embed Pods Frameworks */ = {
			isa = PBXShellScriptBuildPhase;
			buildActionMask = 2147483647;
			files = (
			);
			inputPaths = (
			);
			name = "[CP] Embed Pods Frameworks";
			outputPaths = (
			);
			runOnlyForDeploymentPostprocessing = 0;
			shellPath = /bin/sh;
			shellScript = "\"${SRCROOT}/Pods/Target Support Files/Pods-TumblrTests/Pods-TumblrTests-frameworks.sh\"\n";
			showEnvVarsInLog = 0;
		};
/* End PBXShellScriptBuildPhase section */

/* Begin PBXSourcesBuildPhase section */
		477280881E43F38600CF64AE /* Sources */ = {
			isa = PBXSourcesBuildPhase;
			buildActionMask = 2147483647;
			files = (
				477EB22C1E4D3B5000588601 /* PhotoDetailsViewController.swift in Sources */,
				477280901E43F38700CF64AE /* AppDelegate.swift in Sources */,
				477280C01E44011500CF64AE /* PhotoCell.swift in Sources */,
				477280BE1E43F67600CF64AE /* PhotosViewController.swift in Sources */,
			);
			runOnlyForDeploymentPostprocessing = 0;
		};
		4772809C1E43F38700CF64AE /* Sources */ = {
			isa = PBXSourcesBuildPhase;
			buildActionMask = 2147483647;
			files = (
				477280A51E43F38700CF64AE /* TumblrTests.swift in Sources */,
			);
			runOnlyForDeploymentPostprocessing = 0;
		};
		477280A71E43F38700CF64AE /* Sources */ = {
			isa = PBXSourcesBuildPhase;
			buildActionMask = 2147483647;
			files = (
				477280B01E43F38700CF64AE /* TumblrUITests.swift in Sources */,
			);
			runOnlyForDeploymentPostprocessing = 0;
		};
/* End PBXSourcesBuildPhase section */

/* Begin PBXTargetDependency section */
		477280A21E43F38700CF64AE /* PBXTargetDependency */ = {
			isa = PBXTargetDependency;
			target = 4772808B1E43F38600CF64AE /* Tumblr */;
			targetProxy = 477280A11E43F38700CF64AE /* PBXContainerItemProxy */;
		};
		477280AD1E43F38700CF64AE /* PBXTargetDependency */ = {
			isa = PBXTargetDependency;
			target = 4772808B1E43F38600CF64AE /* Tumblr */;
			targetProxy = 477280AC1E43F38700CF64AE /* PBXContainerItemProxy */;
		};
/* End PBXTargetDependency section */

/* Begin PBXVariantGroup section */
		477280931E43F38700CF64AE /* Main.storyboard */ = {
			isa = PBXVariantGroup;
			children = (
				477280941E43F38700CF64AE /* Base */,
			);
			name = Main.storyboard;
			sourceTree = "<group>";
		};
		477280981E43F38700CF64AE /* LaunchScreen.storyboard */ = {
			isa = PBXVariantGroup;
			children = (
				477280991E43F38700CF64AE /* Base */,
			);
			name = LaunchScreen.storyboard;
			sourceTree = "<group>";
		};
/* End PBXVariantGroup section */

/* Begin XCBuildConfiguration section */
		477280B21E43F38700CF64AE /* Debug */ = {
			isa = XCBuildConfiguration;
			buildSettings = {
				ALWAYS_SEARCH_USER_PATHS = NO;
				CLANG_ANALYZER_NONNULL = YES;
				CLANG_CXX_LANGUAGE_STANDARD = "gnu++0x";
				CLANG_CXX_LIBRARY = "libc++";
				CLANG_ENABLE_MODULES = YES;
				CLANG_ENABLE_OBJC_ARC = YES;
				CLANG_WARN_BOOL_CONVERSION = YES;
				CLANG_WARN_CONSTANT_CONVERSION = YES;
				CLANG_WARN_DIRECT_OBJC_ISA_USAGE = YES_ERROR;
				CLANG_WARN_DOCUMENTATION_COMMENTS = YES;
				CLANG_WARN_EMPTY_BODY = YES;
				CLANG_WARN_ENUM_CONVERSION = YES;
				CLANG_WARN_INFINITE_RECURSION = YES;
				CLANG_WARN_INT_CONVERSION = YES;
				CLANG_WARN_OBJC_ROOT_CLASS = YES_ERROR;
				CLANG_WARN_SUSPICIOUS_MOVE = YES;
				CLANG_WARN_UNREACHABLE_CODE = YES;
				CLANG_WARN__DUPLICATE_METHOD_MATCH = YES;
				"CODE_SIGN_IDENTITY[sdk=iphoneos*]" = "iPhone Developer";
				COPY_PHASE_STRIP = NO;
				DEBUG_INFORMATION_FORMAT = dwarf;
				ENABLE_STRICT_OBJC_MSGSEND = YES;
				ENABLE_TESTABILITY = YES;
				GCC_C_LANGUAGE_STANDARD = gnu99;
				GCC_DYNAMIC_NO_PIC = NO;
				GCC_NO_COMMON_BLOCKS = YES;
				GCC_OPTIMIZATION_LEVEL = 0;
				GCC_PREPROCESSOR_DEFINITIONS = (
					"DEBUG=1",
					"$(inherited)",
				);
				GCC_WARN_64_TO_32_BIT_CONVERSION = YES;
				GCC_WARN_ABOUT_RETURN_TYPE = YES_ERROR;
				GCC_WARN_UNDECLARED_SELECTOR = YES;
				GCC_WARN_UNINITIALIZED_AUTOS = YES_AGGRESSIVE;
				GCC_WARN_UNUSED_FUNCTION = YES;
				GCC_WARN_UNUSED_VARIABLE = YES;
				IPHONEOS_DEPLOYMENT_TARGET = 10.2;
				MTL_ENABLE_DEBUG_INFO = YES;
				ONLY_ACTIVE_ARCH = YES;
				SDKROOT = iphoneos;
				SWIFT_ACTIVE_COMPILATION_CONDITIONS = DEBUG;
				SWIFT_OPTIMIZATION_LEVEL = "-Onone";
				TARGETED_DEVICE_FAMILY = "1,2";
			};
			name = Debug;
		};
		477280B31E43F38700CF64AE /* Release */ = {
			isa = XCBuildConfiguration;
			buildSettings = {
				ALWAYS_SEARCH_USER_PATHS = NO;
				CLANG_ANALYZER_NONNULL = YES;
				CLANG_CXX_LANGUAGE_STANDARD = "gnu++0x";
				CLANG_CXX_LIBRARY = "libc++";
				CLANG_ENABLE_MODULES = YES;
				CLANG_ENABLE_OBJC_ARC = YES;
				CLANG_WARN_BOOL_CONVERSION = YES;
				CLANG_WARN_CONSTANT_CONVERSION = YES;
				CLANG_WARN_DIRECT_OBJC_ISA_USAGE = YES_ERROR;
				CLANG_WARN_DOCUMENTATION_COMMENTS = YES;
				CLANG_WARN_EMPTY_BODY = YES;
				CLANG_WARN_ENUM_CONVERSION = YES;
				CLANG_WARN_INFINITE_RECURSION = YES;
				CLANG_WARN_INT_CONVERSION = YES;
				CLANG_WARN_OBJC_ROOT_CLASS = YES_ERROR;
				CLANG_WARN_SUSPICIOUS_MOVE = YES;
				CLANG_WARN_UNREACHABLE_CODE = YES;
				CLANG_WARN__DUPLICATE_METHOD_MATCH = YES;
				"CODE_SIGN_IDENTITY[sdk=iphoneos*]" = "iPhone Developer";
				COPY_PHASE_STRIP = NO;
				DEBUG_INFORMATION_FORMAT = "dwarf-with-dsym";
				ENABLE_NS_ASSERTIONS = NO;
				ENABLE_STRICT_OBJC_MSGSEND = YES;
				GCC_C_LANGUAGE_STANDARD = gnu99;
				GCC_NO_COMMON_BLOCKS = YES;
				GCC_WARN_64_TO_32_BIT_CONVERSION = YES;
				GCC_WARN_ABOUT_RETURN_TYPE = YES_ERROR;
				GCC_WARN_UNDECLARED_SELECTOR = YES;
				GCC_WARN_UNINITIALIZED_AUTOS = YES_AGGRESSIVE;
				GCC_WARN_UNUSED_FUNCTION = YES;
				GCC_WARN_UNUSED_VARIABLE = YES;
				IPHONEOS_DEPLOYMENT_TARGET = 10.2;
				MTL_ENABLE_DEBUG_INFO = NO;
				SDKROOT = iphoneos;
				SWIFT_OPTIMIZATION_LEVEL = "-Owholemodule";
				TARGETED_DEVICE_FAMILY = "1,2";
				VALIDATE_PRODUCT = YES;
			};
			name = Release;
		};
		477280B51E43F38700CF64AE /* Debug */ = {
			isa = XCBuildConfiguration;
			baseConfigurationReference = 1CA820A2028F3BFEA96EFE3D /* Pods-Tumblr.debug.xcconfig */;
			buildSettings = {
				ASSETCATALOG_COMPILER_APPICON_NAME = AppIcon;
				"CODE_SIGN_IDENTITY[sdk=iphoneos*]" = "iPhone Developer";
				DEVELOPMENT_TEAM = TSCDBQM29F;
				INFOPLIST_FILE = Tumblr/Info.plist;
				LD_RUNPATH_SEARCH_PATHS = "$(inherited) @executable_path/Frameworks";
				PRODUCT_BUNDLE_IDENTIFIER = com.arnav.Tumblr;
				PRODUCT_NAME = "$(TARGET_NAME)";
				SWIFT_VERSION = 3.0;
			};
			name = Debug;
		};
		477280B61E43F38700CF64AE /* Release */ = {
			isa = XCBuildConfiguration;
			baseConfigurationReference = 7FFABE512EBDE01751380FD6 /* Pods-Tumblr.release.xcconfig */;
			buildSettings = {
				ASSETCATALOG_COMPILER_APPICON_NAME = AppIcon;
				"CODE_SIGN_IDENTITY[sdk=iphoneos*]" = "iPhone Developer";
				DEVELOPMENT_TEAM = TSCDBQM29F;
				INFOPLIST_FILE = Tumblr/Info.plist;
				LD_RUNPATH_SEARCH_PATHS = "$(inherited) @executable_path/Frameworks";
				PRODUCT_BUNDLE_IDENTIFIER = com.arnav.Tumblr;
				PRODUCT_NAME = "$(TARGET_NAME)";
				SWIFT_VERSION = 3.0;
			};
			name = Release;
		};
		477280B81E43F38700CF64AE /* Debug */ = {
			isa = XCBuildConfiguration;
			baseConfigurationReference = 8F72B3C5E644D7DC0F2A0538 /* Pods-TumblrTests.debug.xcconfig */;
			buildSettings = {
				ALWAYS_EMBED_SWIFT_STANDARD_LIBRARIES = YES;
				BUNDLE_LOADER = "$(TEST_HOST)";
				INFOPLIST_FILE = TumblrTests/Info.plist;
				LD_RUNPATH_SEARCH_PATHS = "$(inherited) @executable_path/Frameworks @loader_path/Frameworks";
				PRODUCT_BUNDLE_IDENTIFIER = com.arnav.TumblrTests;
				PRODUCT_NAME = "$(TARGET_NAME)";
				SWIFT_VERSION = 3.0;
				TEST_HOST = "$(BUILT_PRODUCTS_DIR)/Tumblr.app/Tumblr";
			};
			name = Debug;
		};
		477280B91E43F38700CF64AE /* Release */ = {
			isa = XCBuildConfiguration;
			baseConfigurationReference = ED56DDA436ECCDBFDEDACF67 /* Pods-TumblrTests.release.xcconfig */;
			buildSettings = {
				ALWAYS_EMBED_SWIFT_STANDARD_LIBRARIES = YES;
				BUNDLE_LOADER = "$(TEST_HOST)";
				INFOPLIST_FILE = TumblrTests/Info.plist;
				LD_RUNPATH_SEARCH_PATHS = "$(inherited) @executable_path/Frameworks @loader_path/Frameworks";
				PRODUCT_BUNDLE_IDENTIFIER = com.arnav.TumblrTests;
				PRODUCT_NAME = "$(TARGET_NAME)";
				SWIFT_VERSION = 3.0;
				TEST_HOST = "$(BUILT_PRODUCTS_DIR)/Tumblr.app/Tumblr";
			};
			name = Release;
		};
		477280BB1E43F38700CF64AE /* Debug */ = {
			isa = XCBuildConfiguration;
			baseConfigurationReference = 1958AFE3B893D894A41812E6 /* Pods-TumblrUITests.debug.xcconfig */;
			buildSettings = {
				ALWAYS_EMBED_SWIFT_STANDARD_LIBRARIES = YES;
				INFOPLIST_FILE = TumblrUITests/Info.plist;
				LD_RUNPATH_SEARCH_PATHS = "$(inherited) @executable_path/Frameworks @loader_path/Frameworks";
				PRODUCT_BUNDLE_IDENTIFIER = com.arnav.TumblrUITests;
				PRODUCT_NAME = "$(TARGET_NAME)";
				SWIFT_VERSION = 3.0;
				TEST_TARGET_NAME = Tumblr;
			};
			name = Debug;
		};
		477280BC1E43F38700CF64AE /* Release */ = {
			isa = XCBuildConfiguration;
			baseConfigurationReference = C7C7E865F49DCBE3A3D9A630 /* Pods-TumblrUITests.release.xcconfig */;
			buildSettings = {
				ALWAYS_EMBED_SWIFT_STANDARD_LIBRARIES = YES;
				INFOPLIST_FILE = TumblrUITests/Info.plist;
				LD_RUNPATH_SEARCH_PATHS = "$(inherited) @executable_path/Frameworks @loader_path/Frameworks";
				PRODUCT_BUNDLE_IDENTIFIER = com.arnav.TumblrUITests;
				PRODUCT_NAME = "$(TARGET_NAME)";
				SWIFT_VERSION = 3.0;
				TEST_TARGET_NAME = Tumblr;
			};
			name = Release;
		};
/* End XCBuildConfiguration section */

/* Begin XCConfigurationList section */
		477280871E43F38600CF64AE /* Build configuration list for PBXProject "Tumblr" */ = {
			isa = XCConfigurationList;
			buildConfigurations = (
				477280B21E43F38700CF64AE /* Debug */,
				477280B31E43F38700CF64AE /* Release */,
			);
			defaultConfigurationIsVisible = 0;
			defaultConfigurationName = Release;
		};
		477280B41E43F38700CF64AE /* Build configuration list for PBXNativeTarget "Tumblr" */ = {
			isa = XCConfigurationList;
			buildConfigurations = (
				477280B51E43F38700CF64AE /* Debug */,
				477280B61E43F38700CF64AE /* Release */,
			);
			defaultConfigurationIsVisible = 0;
			defaultConfigurationName = Release;
		};
		477280B71E43F38700CF64AE /* Build configuration list for PBXNativeTarget "TumblrTests" */ = {
			isa = XCConfigurationList;
			buildConfigurations = (
				477280B81E43F38700CF64AE /* Debug */,
				477280B91E43F38700CF64AE /* Release */,
			);
			defaultConfigurationIsVisible = 0;
			defaultConfigurationName = Release;
		};
		477280BA1E43F38700CF64AE /* Build configuration list for PBXNativeTarget "TumblrUITests" */ = {
			isa = XCConfigurationList;
			buildConfigurations = (
				477280BB1E43F38700CF64AE /* Debug */,
				477280BC1E43F38700CF64AE /* Release */,
			);
			defaultConfigurationIsVisible = 0;
			defaultConfigurationName = Release;
		};
/* End XCConfigurationList section */
	};
	rootObject = 477280841E43F38600CF64AE /* Project object */;
}
